
Microsoft Visual Studio Solution File, Format Version 12.00
# Visual Studio Version 17
VisualStudioVersion = 17.8.34330.188
MinimumVisualStudioVersion = 10.0.40219.1
Project("{FAE04EC0-301F-11D3-BF4B-00C04F79EFBC}") = "HW13-MVC", "HW13-MVC\HW13-MVC.csproj", "{7B481964-183A-4F27-9E3F-E78A343848F0}"
EndProject
Global
	GlobalSection(SolutionConfigurationPlatforms) = preSolution
		Debug|Any CPU = Debug|Any CPU
		Release|Any CPU = Release|Any CPU
	EndGlobalSection
	GlobalSection(ProjectConfigurationPlatforms) = postSolution
		{7B481964-183A-4F27-9E3F-E78A343848F0}.Debug|Any CPU.ActiveCfg = Debug|Any CPU
		{7B481964-183A-4F27-9E3F-E78A343848F0}.Debug|Any CPU.Build.0 = Debug|Any CPU
		{7B481964-183A-4F27-9E3F-E78A343848F0}.Release|Any CPU.ActiveCfg = Release|Any CPU
		{7B481964-183A-4F27-9E3F-E78A343848F0}.Release|Any CPU.Build.0 = Release|Any CPU
	EndGlobalSection
	GlobalSection(SolutionProperties) = preSolution
		HideSolutionNode = FALSE
	EndGlobalSection
	GlobalSection(ExtensibilityGlobals) = postSolution
		SolutionGuid = {C75FFD81-4660-4226-AE1A-996FE996C099}
	EndGlobalSection
EndGlobal
